{
  "version": 4,
  "terraform_version": "1.3.6",
  "serial": 638,
  "lineage": "8198c5b0-4291-1359-28cf-fc837232a72b",
  "outputs": {},
  "resources": [
    {
      "module": "module.s3_raw",
      "mode": "managed",
      "type": "aws_s3_bucket",
      "name": "s3_bucket",
      "provider": "provider[\"registry.terraform.io/hashicorp/aws\"]",
      "instances": [
        {
          "schema_version": 0,
          "attributes": {
            "acceleration_status": "",
            "acl": null,
            "arn": "arn:aws:s3:::dev-stock-tracker-raw",
            "bucket": "dev-stock-tracker-raw",
            "bucket_domain_name": "dev-stock-tracker-raw.s3.amazonaws.com",
            "bucket_prefix": null,
            "bucket_regional_domain_name": "dev-stock-tracker-raw.s3.eu-west-2.amazonaws.com",
            "cors_rule": [],
            "force_destroy": false,
            "grant": [
              {
                "id": "532b486bd2fe143aea9123b29c1fa03c80ecb20f8586c485a1f75865bbec6c30",
                "permissions": [
                  "FULL_CONTROL"
                ],
                "type": "CanonicalUser",
                "uri": ""
              }
            ],
            "hosted_zone_id": "Z3GKZC51ZF0DB4",
            "id": "dev-stock-tracker-raw",
            "lifecycle_rule": [],
            "logging": [],
            "object_lock_configuration": [],
            "object_lock_enabled": false,
            "policy": "",
            "region": "eu-west-2",
            "replication_configuration": [],
            "request_payer": "BucketOwner",
            "server_side_encryption_configuration": [],
            "tags": {
              "Environment": "dev",
              "Project": "terraform-stock-tracker",
              "ProjectCode": "3",
              "Provisioner": "Terraform"
            },
            "tags_all": {
              "Environment": "dev",
              "Project": "terraform-stock-tracker",
              "ProjectCode": "3",
              "Provisioner": "Terraform"
            },
            "timeouts": null,
            "versioning": [
              {
                "enabled": false,
                "mfa_delete": false
              }
            ],
            "website": [],
            "website_domain": null,
            "website_endpoint": null
          },
          "sensitive_attributes": [],
          "private": "eyJlMmJmYjczMC1lY2FhLTExZTYtOGY4OC0zNDM2M2JjN2M0YzAiOnsiY3JlYXRlIjoxMjAwMDAwMDAwMDAwLCJkZWxldGUiOjM2MDAwMDAwMDAwMDAsInJlYWQiOjEyMDAwMDAwMDAwMDAsInVwZGF0ZSI6MTIwMDAwMDAwMDAwMH19"
        }
      ]
    }
  ],
  "check_results": null
}
